Microsoft Visual Studio Solution File, Format Version 12.00
# Visual Studio Version 17
VisualStudioVersion = 17.0.31611.283
MinimumVisualStudioVersion = 10.0.40219.1
Project("{9A19103F-16F7-4668-BE54-9A1E7A4F7556}") = "MauiBlazorAppDemo", "MauiBlazorAppDemo\MauiBlazorAppDemo.csproj", "{BDB8C505-FAB4-40D4-93D1-C8EC7BE5BFF4}"
EndProject
Project("{FAE04EC0-301F-11D3-BF4B-00C04F79EFBC}") = "RazorClassLibrary", "RazorClassLibrary\RazorClassLibrary.csproj", "{E51D8BBD-053C-4921-9E5C-3BF75BF0953C}"
EndProject
Project("{FAE04EC0-301F-11D3-BF4B-00C04F79EFBC}") = "WebAssemblyDemo", "WebAssemblyDemo\WebAssemblyDemo.csproj", "{D7689A84-6F01-437D-A81F-EC9C460AFC26}"
EndProject
Global
	GlobalSection(SolutionConfigurationPlatforms) = preSolution
		Debug|Any CPU = Debug|Any CPU
		Release|Any CPU = Release|Any CPU
	EndGlobalSection
	GlobalSection(ProjectConfigurationPlatforms) = postSolution
		{BDB8C505-FAB4-40D4-93D1-C8EC7BE5BFF4}.Debug|Any CPU.ActiveCfg = Debug|Any CPU
		{BDB8C505-FAB4-40D4-93D1-C8EC7BE5BFF4}.Debug|Any CPU.Build.0 = Debug|Any CPU
		{BDB8C505-FAB4-40D4-93D1-C8EC7BE5BFF4}.Debug|Any CPU.Deploy.0 = Debug|Any CPU
		{BDB8C505-FAB4-40D4-93D1-C8EC7BE5BFF4}.Release|Any CPU.ActiveCfg = Release|Any CPU
		{BDB8C505-FAB4-40D4-93D1-C8EC7BE5BFF4}.Release|Any CPU.Build.0 = Release|Any CPU
		{BDB8C505-FAB4-40D4-93D1-C8EC7BE5BFF4}.Release|Any CPU.Deploy.0 = Release|Any CPU
		{E51D8BBD-053C-4921-9E5C-3BF75BF0953C}.Debug|Any CPU.ActiveCfg = Debug|Any CPU
		{E51D8BBD-053C-4921-9E5C-3BF75BF0953C}.Debug|Any CPU.Build.0 = Debug|Any CPU
		{E51D8BBD-053C-4921-9E5C-3BF75BF0953C}.Release|Any CPU.ActiveCfg = Release|Any CPU
		{E51D8BBD-053C-4921-9E5C-3BF75BF0953C}.Release|Any CPU.Build.0 = Release|Any CPU
		{D7689A84-6F01-437D-A81F-EC9C460AFC26}.Debug|Any CPU.ActiveCfg = Debug|Any CPU
		{D7689A84-6F01-437D-A81F-EC9C460AFC26}.Debug|Any CPU.Build.0 = Debug|Any CPU
		{D7689A84-6F01-437D-A81F-EC9C460AFC26}.Release|Any CPU.ActiveCfg = Release|Any CPU
		{D7689A84-6F01-437D-A81F-EC9C460AFC26}.Release|Any CPU.Build.0 = Release|Any CPU
	EndGlobalSection
	GlobalSection(SolutionProperties) = preSolution
		HideSolutionNode = FALSE
	EndGlobalSection
	GlobalSection(ExtensibilityGlobals) = postSolution
		SolutionGuid = {61F7FB11-1E47-470C-91E2-47F8143E1572}
	EndGlobalSection
EndGlobal
